
Microsoft Visual Studio Solution File, Format Version 12.00
# Visual Studio Version 17
VisualStudioVersion = 17.7.34202.233
MinimumVisualStudioVersion = 10.0.40219.1
Project("{FAE04EC0-301F-11D3-BF4B-00C04F79EFBC}") = "Лаб 2.1", "Лаб 2.1\Лаб 2.1.csproj", "{97F361D0-32F8-47CD-8AAA-98FED1C78FB9}"
EndProject
Global
	GlobalSection(SolutionConfigurationPlatforms) = preSolution
		Debug|Any CPU = Debug|Any CPU
		Release|Any CPU = Release|Any CPU
	EndGlobalSection
	GlobalSection(ProjectConfigurationPlatforms) = postSolution
		{97F361D0-32F8-47CD-8AAA-98FED1C78FB9}.Debug|Any CPU.ActiveCfg = Debug|Any CPU
		{97F361D0-32F8-47CD-8AAA-98FED1C78FB9}.Debug|Any CPU.Build.0 = Debug|Any CPU
		{97F361D0-32F8-47CD-8AAA-98FED1C78FB9}.Release|Any CPU.ActiveCfg = Release|Any CPU
		{97F361D0-32F8-47CD-8AAA-98FED1C78FB9}.Release|Any CPU.Build.0 = Release|Any CPU
	EndGlobalSection
	GlobalSection(SolutionProperties) = preSolution
		HideSolutionNode = FALSE
	EndGlobalSection
	GlobalSection(ExtensibilityGlobals) = postSolution
		SolutionGuid = {387AE164-8CAB-44C8-9206-C9E925F7FE4E}
	EndGlobalSection
EndGlobal
